
Microsoft Visual Studio Solution File, Format Version 12.00
# Visual Studio Version 17
VisualStudioVersion = 17.5.33530.505
MinimumVisualStudioVersion = 10.0.40219.1
Project("{9A19103F-16F7-4668-BE54-9A1E7A4F7556}") = "MyApiNetCore", "MyApiNetCore\MyApiNetCore.csproj", "{5C5DD5BD-6A90-4A20-AC82-D8A6C3573B8B}"
EndProject
Project("{2150E333-8FDC-42A3-9474-1A3956D46DE8}") = "SeaSolution", "SeaSolution", "{8C070B81-55B2-4094-908D-C5033F80D1D3}"
EndProject
Project("{FAE04EC0-301F-11D3-BF4B-00C04F79EFBC}") = "App.SeaSolution.Api", "App.SeaSolution.Api\App.SeaSolution.Api.csproj", "{4E081A17-4ECC-461B-A762-496F8674C753}"
EndProject
Project("{FAE04EC0-301F-11D3-BF4B-00C04F79EFBC}") = "App.SeaSolution.Service", "App.SeaSolution.Service\App.SeaSolution.Service.csproj", "{A492D5FA-327F-405D-8A5A-9857BD3AF68F}"
EndProject
Project("{FAE04EC0-301F-11D3-BF4B-00C04F79EFBC}") = "App.SeaSolution.Data", "App.SeaSolution.Data\App.SeaSolution.Data.csproj", "{60CEA383-CC1E-4A8C-9A27-62C75844F7B8}"
EndProject
Global
	GlobalSection(SolutionConfigurationPlatforms) = preSolution
		Debug|Any CPU = Debug|Any CPU
		Release|Any CPU = Release|Any CPU
	EndGlobalSection
	GlobalSection(ProjectConfigurationPlatforms) = postSolution
		{5C5DD5BD-6A90-4A20-AC82-D8A6C3573B8B}.Debug|Any CPU.ActiveCfg = Debug|Any CPU
		{5C5DD5BD-6A90-4A20-AC82-D8A6C3573B8B}.Debug|Any CPU.Build.0 = Debug|Any CPU
		{5C5DD5BD-6A90-4A20-AC82-D8A6C3573B8B}.Release|Any CPU.ActiveCfg = Release|Any CPU
		{5C5DD5BD-6A90-4A20-AC82-D8A6C3573B8B}.Release|Any CPU.Build.0 = Release|Any CPU
		{4E081A17-4ECC-461B-A762-496F8674C753}.Debug|Any CPU.ActiveCfg = Debug|Any CPU
		{4E081A17-4ECC-461B-A762-496F8674C753}.Debug|Any CPU.Build.0 = Debug|Any CPU
		{4E081A17-4ECC-461B-A762-496F8674C753}.Release|Any CPU.ActiveCfg = Release|Any CPU
		{4E081A17-4ECC-461B-A762-496F8674C753}.Release|Any CPU.Build.0 = Release|Any CPU
		{A492D5FA-327F-405D-8A5A-9857BD3AF68F}.Debug|Any CPU.ActiveCfg = Debug|Any CPU
		{A492D5FA-327F-405D-8A5A-9857BD3AF68F}.Debug|Any CPU.Build.0 = Debug|Any CPU
		{A492D5FA-327F-405D-8A5A-9857BD3AF68F}.Release|Any CPU.ActiveCfg = Release|Any CPU
		{A492D5FA-327F-405D-8A5A-9857BD3AF68F}.Release|Any CPU.Build.0 = Release|Any CPU
		{60CEA383-CC1E-4A8C-9A27-62C75844F7B8}.Debug|Any CPU.ActiveCfg = Debug|Any CPU
		{60CEA383-CC1E-4A8C-9A27-62C75844F7B8}.Debug|Any CPU.Build.0 = Debug|Any CPU
		{60CEA383-CC1E-4A8C-9A27-62C75844F7B8}.Release|Any CPU.ActiveCfg = Release|Any CPU
		{60CEA383-CC1E-4A8C-9A27-62C75844F7B8}.Release|Any CPU.Build.0 = Release|Any CPU
	EndGlobalSection
	GlobalSection(SolutionProperties) = preSolution
		HideSolutionNode = FALSE
	EndGlobalSection
	GlobalSection(NestedProjects) = preSolution
		{4E081A17-4ECC-461B-A762-496F8674C753} = {8C070B81-55B2-4094-908D-C5033F80D1D3}
		{A492D5FA-327F-405D-8A5A-9857BD3AF68F} = {8C070B81-55B2-4094-908D-C5033F80D1D3}
		{60CEA383-CC1E-4A8C-9A27-62C75844F7B8} = {8C070B81-55B2-4094-908D-C5033F80D1D3}
	EndGlobalSection
	GlobalSection(ExtensibilityGlobals) = postSolution
		SolutionGuid = {9B103295-4EB8-483F-A5E3-F0534BB8C775}
	EndGlobalSection
EndGlobal
